// !$*UTF8*$!
{
	archiveVersion = 1;
	classes = {
	};
	objectVersion = 55;
	objects = {

/* Begin PBXBuildFile section */
		E57EC69D28D8F72A009C9BD0 /* AppDelegate.swift in Sources */ = {isa = PBXBuildFile; fileRef = E57EC69C28D8F72A009C9BD0 /* AppDelegate.swift */; };
		E57EC69F28D8F72A009C9BD0 /* SceneDelegate.swift in Sources */ = {isa = PBXBuildFile; fileRef = E57EC69E28D8F72A009C9BD0 /* SceneDelegate.swift */; };
		E57EC6A128D8F72A009C9BD0 /* StartViewController.swift in Sources */ = {isa = PBXBuildFile; fileRef = E57EC6A028D8F72A009C9BD0 /* StartViewController.swift */; };
		E57EC6A428D8F72A009C9BD0 /* Main.storyboard in Resources */ = {isa = PBXBuildFile; fileRef = E57EC6A228D8F72A009C9BD0 /* Main.storyboard */; };
		E57EC6A728D8F72A009C9BD0 /* FindCardGame.xcdatamodeld in Sources */ = {isa = PBXBuildFile; fileRef = E57EC6A528D8F72A009C9BD0 /* FindCardGame.xcdatamodeld */; };
		E57EC6A928D8F72D009C9BD0 /* Assets.xcassets in Resources */ = {isa = PBXBuildFile; fileRef = E57EC6A828D8F72D009C9BD0 /* Assets.xcassets */; };
		E57EC6AC28D8F72D009C9BD0 /* LaunchScreen.storyboard in Resources */ = {isa = PBXBuildFile; fileRef = E57EC6AA28D8F72D009C9BD0 /* LaunchScreen.storyboard */; };
		E57EC6B528D9017E009C9BD0 /* SnapKit in Frameworks */ = {isa = PBXBuildFile; productRef = E57EC6B428D9017E009C9BD0 /* SnapKit */; };
		E57EC6BA28E070C5009C9BD0 /* StartVCPresenter.swift in Sources */ = {isa = PBXBuildFile; fileRef = E57EC6B928E070C5009C9BD0 /* StartVCPresenter.swift */; };
/* End PBXBuildFile section */

/* Begin PBXFileReference section */
		E57EC69928D8F72A009C9BD0 /* FindCardGame.app */ = {isa = PBXFileReference; explicitFileType = wrapper.application; includeInIndex = 0; path = FindCardGame.app; sourceTree = BUILT_PRODUCTS_DIR; };
		E57EC69C28D8F72A009C9BD0 /* AppDelegate.swift */ = {isa = PBXFileReference; lastKnownFileType = sourcecode.swift; path = AppDelegate.swift; sourceTree = "<group>"; };
		E57EC69E28D8F72A009C9BD0 /* SceneDelegate.swift */ = {isa = PBXFileReference; lastKnownFileType = sourcecode.swift; path = SceneDelegate.swift; sourceTree = "<group>"; };
		E57EC6A028D8F72A009C9BD0 /* StartViewController.swift */ = {isa = PBXFileReference; lastKnownFileType = sourcecode.swift; path = StartViewController.swift; sourceTree = "<group>"; };
		E57EC6A328D8F72A009C9BD0 /* Base */ = {isa = PBXFileReference; lastKnownFileType = file.storyboard; name = Base; path = Base.lproj/Main.storyboard; sourceTree = "<group>"; };
		E57EC6A628D8F72A009C9BD0 /* FindCardGame.xcdatamodel */ = {isa = PBXFileReference; lastKnownFileType = wrapper.xcdatamodel; path = FindCardGame.xcdatamodel; sourceTree = "<group>"; };
		E57EC6A828D8F72D009C9BD0 /* Assets.xcassets */ = {isa = PBXFileReference; lastKnownFileType = folder.assetcatalog; path = Assets.xcassets; sourceTree = "<group>"; };
		E57EC6AB28D8F72D009C9BD0 /* Base */ = {isa = PBXFileReference; lastKnownFileType = file.storyboard; name = Base; path = Base.lproj/LaunchScreen.storyboard; sourceTree = "<group>"; };
		E57EC6AD28D8F72D009C9BD0 /* Info.plist */ = {isa = PBXFileReference; lastKnownFileType = text.plist.xml; path = Info.plist; sourceTree = "<group>"; };
		E57EC6B928E070C5009C9BD0 /* StartVCPresenter.swift */ = {isa = PBXFileReference; lastKnownFileType = sourcecode.swift; path = StartVCPresenter.swift; sourceTree = "<group>"; };
/* End PBXFileReference section */

/* Begin PBXFrameworksBuildPhase section */
		E57EC69628D8F72A009C9BD0 /* Frameworks */ = {
			isa = PBXFrameworksBuildPhase;
			buildActionMask = 2147483647;
			files = (
				E57EC6B528D9017E009C9BD0 /* SnapKit in Frameworks */,
			);
			runOnlyForDeploymentPostprocessing = 0;
		};
/* End PBXFrameworksBuildPhase section */

/* Begin PBXGroup section */
		E57EC69028D8F72A009C9BD0 = {
			isa = PBXGroup;
			children = (
				E57EC69B28D8F72A009C9BD0 /* FindCardGame */,
				E57EC69A28D8F72A009C9BD0 /* Products */,
			);
			sourceTree = "<group>";
		};
		E57EC69A28D8F72A009C9BD0 /* Products */ = {
			isa = PBXGroup;
			children = (
				E57EC69928D8F72A009C9BD0 /* FindCardGame.app */,
			);
			name = Products;
			sourceTree = "<group>";
		};
		E57EC69B28D8F72A009C9BD0 /* FindCardGame */ = {
			isa = PBXGroup;
			children = (
				E57EC6B728E07086009C9BD0 /* Model */,
				E57EC6B828E07090009C9BD0 /* Controller */,
				E57EC6B628E07076009C9BD0 /* View */,
				E57EC69C28D8F72A009C9BD0 /* AppDelegate.swift */,
				E57EC69E28D8F72A009C9BD0 /* SceneDelegate.swift */,
				E57EC6A228D8F72A009C9BD0 /* Main.storyboard */,
				E57EC6A828D8F72D009C9BD0 /* Assets.xcassets */,
				E57EC6AA28D8F72D009C9BD0 /* LaunchScreen.storyboard */,
				E57EC6AD28D8F72D009C9BD0 /* Info.plist */,
				E57EC6A528D8F72A009C9BD0 /* FindCardGame.xcdatamodeld */,
			);
			path = FindCardGame;
			sourceTree = "<group>";
		};
		E57EC6B628E07076009C9BD0 /* View */ = {
			isa = PBXGroup;
			children = (
				E57EC6A028D8F72A009C9BD0 /* StartViewController.swift */,
			);
			path = View;
			sourceTree = "<group>";
		};
		E57EC6B728E07086009C9BD0 /* Model */ = {
			isa = PBXGroup;
			children = (
			);
			path = Model;
			sourceTree = "<group>";
		};
		E57EC6B828E07090009C9BD0 /* Controller */ = {
			isa = PBXGroup;
			children = (
				E57EC6B928E070C5009C9BD0 /* StartVCPresenter.swift */,
			);
			path = Controller;
			sourceTree = "<group>";
		};
/* End PBXGroup section */

/* Begin PBXNativeTarget section */
		E57EC69828D8F72A009C9BD0 /* FindCardGame */ = {
			isa = PBXNativeTarget;
			buildConfigurationList = E57EC6B028D8F72D009C9BD0 /* Build configuration list for PBXNativeTarget "FindCardGame" */;
			buildPhases = (
				E57EC69528D8F72A009C9BD0 /* Sources */,
				E57EC69628D8F72A009C9BD0 /* Frameworks */,
				E57EC69728D8F72A009C9BD0 /* Resources */,
			);
			buildRules = (
			);
			dependencies = (
			);
			name = FindCardGame;
			packageProductDependencies = (
				E57EC6B428D9017E009C9BD0 /* SnapKit */,
			);
			productName = FindCardGame;
			productReference = E57EC69928D8F72A009C9BD0 /* FindCardGame.app */;
			productType = "com.apple.product-type.application";
		};
/* End PBXNativeTarget section */

/* Begin PBXProject section */
		E57EC69128D8F72A009C9BD0 /* Project object */ = {
			isa = PBXProject;
			attributes = {
				BuildIndependentTargetsInParallel = 1;
				LastSwiftUpdateCheck = 1340;
				LastUpgradeCheck = 1340;
				TargetAttributes = {
					E57EC69828D8F72A009C9BD0 = {
						CreatedOnToolsVersion = 13.4.1;
					};
				};
			};
			buildConfigurationList = E57EC69428D8F72A009C9BD0 /* Build configuration list for PBXProject "FindCardGame" */;
			compatibilityVersion = "Xcode 13.0";
			developmentRegion = en;
			hasScannedForEncodings = 0;
			knownRegions = (
				en,
				Base,
			);
			mainGroup = E57EC69028D8F72A009C9BD0;
			packageReferences = (
				E57EC6B328D9017E009C9BD0 /* XCRemoteSwiftPackageReference "SnapKit" */,
			);
			productRefGroup = E57EC69A28D8F72A009C9BD0 /* Products */;
			projectDirPath = "";
			projectRoot = "";
			targets = (
				E57EC69828D8F72A009C9BD0 /* FindCardGame */,
			);
		};
/* End PBXProject section */

/* Begin PBXResourcesBuildPhase section */
		E57EC69728D8F72A009C9BD0 /* Resources */ = {
			isa = PBXResourcesBuildPhase;
			buildActionMask = 2147483647;
			files = (
				E57EC6AC28D8F72D009C9BD0 /* LaunchScreen.storyboard in Resources */,
				E57EC6A928D8F72D009C9BD0 /* Assets.xcassets in Resources */,
				E57EC6A428D8F72A009C9BD0 /* Main.storyboard in Resources */,
			);
			runOnlyForDeploymentPostprocessing = 0;
		};
/* End PBXResourcesBuildPhase section */

/* Begin PBXSourcesBuildPhase section */
		E57EC69528D8F72A009C9BD0 /* Sources */ = {
			isa = PBXSourcesBuildPhase;
			buildActionMask = 2147483647;
			files = (
				E57EC6BA28E070C5009C9BD0 /* StartVCPresenter.swift in Sources */,
				E57EC6A128D8F72A009C9BD0 /* StartViewController.swift in Sources */,
				E57EC69D28D8F72A009C9BD0 /* AppDelegate.swift in Sources */,
				E57EC6A728D8F72A009C9BD0 /* FindCardGame.xcdatamodeld in Sources */,
				E57EC69F28D8F72A009C9BD0 /* SceneDelegate.swift in Sources */,
			);
			runOnlyForDeploymentPostprocessing = 0;
		};
/* End PBXSourcesBuildPhase section */

/* Begin PBXVariantGroup section */
		E57EC6A228D8F72A009C9BD0 /* Main.storyboard */ = {
			isa = PBXVariantGroup;
			children = (
				E57EC6A328D8F72A009C9BD0 /* Base */,
			);
			name = Main.storyboard;
			sourceTree = "<group>";
		};
		E57EC6AA28D8F72D009C9BD0 /* LaunchScreen.storyboard */ = {
			isa = PBXVariantGroup;
			children = (
				E57EC6AB28D8F72D009C9BD0 /* Base */,
			);
			name = LaunchScreen.storyboard;
			sourceTree = "<group>";
		};
/* End PBXVariantGroup section */

/* Begin XCBuildConfiguration section */
		E57EC6AE28D8F72D009C9BD0 /* Debug */ = {
			isa = XCBuildConfiguration;
			buildSettings = {
				ALWAYS_SEARCH_USER_PATHS = NO;
				CLANG_ANALYZER_NONNULL = YES;
				CLANG_ANALYZER_NUMBER_OBJECT_CONVERSION = YES_AGGRESSIVE;
				CLANG_CXX_LANGUAGE_STANDARD = "gnu++17";
				CLANG_ENABLE_MODULES = YES;
				CLANG_ENABLE_OBJC_ARC = YES;
				CLANG_ENABLE_OBJC_WEAK = YES;
				CLANG_WARN_BLOCK_CAPTURE_AUTORELEASING = YES;
				CLANG_WARN_BOOL_CONVERSION = YES;
				CLANG_WARN_COMMA = YES;
				CLANG_WARN_CONSTANT_CONVERSION = YES;
				CLANG_WARN_DEPRECATED_OBJC_IMPLEMENTATIONS = YES;
				CLANG_WARN_DIRECT_OBJC_ISA_USAGE = YES_ERROR;
				CLANG_WARN_DOCUMENTATION_COMMENTS = YES;
				CLANG_WARN_EMPTY_BODY = YES;
				CLANG_WARN_ENUM_CONVERSION = YES;
				CLANG_WARN_INFINITE_RECURSION = YES;
				CLANG_WARN_INT_CONVERSION = YES;
				CLANG_WARN_NON_LITERAL_NULL_CONVERSION = YES;
				CLANG_WARN_OBJC_IMPLICIT_RETAIN_SELF = YES;
				CLANG_WARN_OBJC_LITERAL_CONVERSION = YES;
				CLANG_WARN_OBJC_ROOT_CLASS = YES_ERROR;
				CLANG_WARN_QUOTED_INCLUDE_IN_FRAMEWORK_HEADER = YES;
				CLANG_WARN_RANGE_LOOP_ANALYSIS = YES;
				CLANG_WARN_STRICT_PROTOTYPES = YES;
				CLANG_WARN_SUSPICIOUS_MOVE = YES;
				CLANG_WARN_UNGUARDED_AVAILABILITY = YES_AGGRESSIVE;
				CLANG_WARN_UNREACHABLE_CODE = YES;
				CLANG_WARN__DUPLICATE_METHOD_MATCH = YES;
				COPY_PHASE_STRIP = NO;
				DEBUG_INFORMATION_FORMAT = dwarf;
				ENABLE_STRICT_OBJC_MSGSEND = YES;
				ENABLE_TESTABILITY = YES;
				GCC_C_LANGUAGE_STANDARD = gnu11;
				GCC_DYNAMIC_NO_PIC = NO;
				GCC_NO_COMMON_BLOCKS = YES;
				GCC_OPTIMIZATION_LEVEL = 0;
				GCC_PREPROCESSOR_DEFINITIONS = (
					"DEBUG=1",
					"$(inherited)",
				);
				GCC_WARN_64_TO_32_BIT_CONVERSION = YES;
				GCC_WARN_ABOUT_RETURN_TYPE = YES_ERROR;
				GCC_WARN_UNDECLARED_SELECTOR = YES;
				GCC_WARN_UNINITIALIZED_AUTOS = YES_AGGRESSIVE;
				GCC_WARN_UNUSED_FUNCTION = YES;
				GCC_WARN_UNUSED_VARIABLE = YES;
				IPHONEOS_DEPLOYMENT_TARGET = 15.5;
				MTL_ENABLE_DEBUG_INFO = INCLUDE_SOURCE;
				MTL_FAST_MATH = YES;
				ONLY_ACTIVE_ARCH = YES;
				SDKROOT = iphoneos;
				SWIFT_ACTIVE_COMPILATION_CONDITIONS = DEBUG;
				SWIFT_OPTIMIZATION_LEVEL = "-Onone";
			};
			name = Debug;
		};
		E57EC6AF28D8F72D009C9BD0 /* Release */ = {
			isa = XCBuildConfiguration;
			buildSettings = {
				ALWAYS_SEARCH_USER_PATHS = NO;
				CLANG_ANALYZER_NONNULL = YES;
				CLANG_ANALYZER_NUMBER_OBJECT_CONVERSION = YES_AGGRESSIVE;
				CLANG_CXX_LANGUAGE_STANDARD = "gnu++17";
				CLANG_ENABLE_MODULES = YES;
				CLANG_ENABLE_OBJC_ARC = YES;
				CLANG_ENABLE_OBJC_WEAK = YES;
				CLANG_WARN_BLOCK_CAPTURE_AUTORELEASING = YES;
				CLANG_WARN_BOOL_CONVERSION = YES;
				CLANG_WARN_COMMA = YES;
				CLANG_WARN_CONSTANT_CONVERSION = YES;
				CLANG_WARN_DEPRECATED_OBJC_IMPLEMENTATIONS = YES;
				CLANG_WARN_DIRECT_OBJC_ISA_USAGE = YES_ERROR;
				CLANG_WARN_DOCUMENTATION_COMMENTS = YES;
				CLANG_WARN_EMPTY_BODY = YES;
				CLANG_WARN_ENUM_CONVERSION = YES;
				CLANG_WARN_INFINITE_RECURSION = YES;
				CLANG_WARN_INT_CONVERSION = YES;
				CLANG_WARN_NON_LITERAL_NULL_CONVERSION = YES;
				CLANG_WARN_OBJC_IMPLICIT_RETAIN_SELF = YES;
				CLANG_WARN_OBJC_LITERAL_CONVERSION = YES;
				CLANG_WARN_OBJC_ROOT_CLASS = YES_ERROR;
				CLANG_WARN_QUOTED_INCLUDE_IN_FRAMEWORK_HEADER = YES;
				CLANG_WARN_RANGE_LOOP_ANALYSIS = YES;
				CLANG_WARN_STRICT_PROTOTYPES = YES;
				CLANG_WARN_SUSPICIOUS_MOVE = YES;
				CLANG_WARN_UNGUARDED_AVAILABILITY = YES_AGGRESSIVE;
				CLANG_WARN_UNREACHABLE_CODE = YES;
				CLANG_WARN__DUPLICATE_METHOD_MATCH = YES;
				COPY_PHASE_STRIP = NO;
				DEBUG_INFORMATION_FORMAT = "dwarf-with-dsym";
				ENABLE_NS_ASSERTIONS = NO;
				ENABLE_STRICT_OBJC_MSGSEND = YES;
				GCC_C_LANGUAGE_STANDARD = gnu11;
				GCC_NO_COMMON_BLOCKS = YES;
				GCC_WARN_64_TO_32_BIT_CONVERSION = YES;
				GCC_WARN_ABOUT_RETURN_TYPE = YES_ERROR;
				GCC_WARN_UNDECLARED_SELECTOR = YES;
				GCC_WARN_UNINITIALIZED_AUTOS = YES_AGGRESSIVE;
				GCC_WARN_UNUSED_FUNCTION = YES;
				GCC_WARN_UNUSED_VARIABLE = YES;
				IPHONEOS_DEPLOYMENT_TARGET = 15.5;
				MTL_ENABLE_DEBUG_INFO = NO;
				MTL_FAST_MATH = YES;
				SDKROOT = iphoneos;
				SWIFT_COMPILATION_MODE = wholemodule;
				SWIFT_OPTIMIZATION_LEVEL = "-O";
				VALIDATE_PRODUCT = YES;
			};
			name = Release;
		};
		E57EC6B128D8F72D009C9BD0 /* Debug */ = {
			isa = XCBuildConfiguration;
			buildSettings = {
				ASSETCATALOG_COMPILER_APPICON_NAME = AppIcon;
				ASSETCATALOG_COMPILER_GLOBAL_ACCENT_COLOR_NAME = AccentColor;
				CODE_SIGN_STYLE = Automatic;
				CURRENT_PROJECT_VERSION = 1;
				DEVELOPMENT_TEAM = L8ZXWNP3PM;
				GENERATE_INFOPLIST_FILE = YES;
				INFOPLIST_FILE = FindCardGame/Info.plist;
				INFOPLIST_KEY_UIApplicationSupportsIndirectInputEvents = YES;
				INFOPLIST_KEY_UILaunchStoryboardName = LaunchScreen;
				INFOPLIST_KEY_UIMainStoryboardFile = Main;
				INFOPLIST_KEY_UISupportedInterfaceOrientations_iPad = "UIInterfaceOrientationPortrait UIInterfaceOrientationPortraitUpsideDown UIInterfaceOrientationLandscapeLeft UIInterfaceOrientationLandscapeRight";
				INFOPLIST_KEY_UISupportedInterfaceOrientations_iPhone = "UIInterfaceOrientationPortrait UIInterfaceOrientationLandscapeLeft UIInterfaceOrientationLandscapeRight";
				LD_RUNPATH_SEARCH_PATHS = (
					"$(inherited)",
					"@executable_path/Frameworks",
				);
				MARKETING_VERSION = 1.0;
				PRODUCT_BUNDLE_IDENTIFIER = Nikita.FindCardGame;
				PRODUCT_NAME = "$(TARGET_NAME)";
				SWIFT_EMIT_LOC_STRINGS = YES;
				SWIFT_VERSION = 5.0;
				TARGETED_DEVICE_FAMILY = "1,2";
			};
			name = Debug;
		};
		E57EC6B228D8F72D009C9BD0 /* Release */ = {
			isa = XCBuildConfiguration;
			buildSettings = {
				ASSETCATALOG_COMPILER_APPICON_NAME = AppIcon;
				ASSETCATALOG_COMPILER_GLOBAL_ACCENT_COLOR_NAME = AccentColor;
				CODE_SIGN_STYLE = Automatic;
				CURRENT_PROJECT_VERSION = 1;
				DEVELOPMENT_TEAM = L8ZXWNP3PM;
				GENERATE_INFOPLIST_FILE = YES;
				INFOPLIST_FILE = FindCardGame/Info.plist;
				INFOPLIST_KEY_UIApplicationSupportsIndirectInputEvents = YES;
				INFOPLIST_KEY_UILaunchStoryboardName = LaunchScreen;
				INFOPLIST_KEY_UIMainStoryboardFile = Main;
				INFOPLIST_KEY_UISupportedInterfaceOrientations_iPad = "UIInterfaceOrientationPortrait UIInterfaceOrientationPortraitUpsideDown UIInterfaceOrientationLandscapeLeft UIInterfaceOrientationLandscapeRight";
				INFOPLIST_KEY_UISupportedInterfaceOrientations_iPhone = "UIInterfaceOrientationPortrait UIInterfaceOrientationLandscapeLeft UIInterfaceOrientationLandscapeRight";
				LD_RUNPATH_SEARCH_PATHS = (
					"$(inherited)",
					"@executable_path/Frameworks",
				);
				MARKETING_VERSION = 1.0;
				PRODUCT_BUNDLE_IDENTIFIER = Nikita.FindCardGame;
				PRODUCT_NAME = "$(TARGET_NAME)";
				SWIFT_EMIT_LOC_STRINGS = YES;
				SWIFT_VERSION = 5.0;
				TARGETED_DEVICE_FAMILY = "1,2";
			};
			name = Release;
		};
/* End XCBuildConfiguration section */

/* Begin XCConfigurationList section */
		E57EC69428D8F72A009C9BD0 /* Build configuration list for PBXProject "FindCardGame" */ = {
			isa = XCConfigurationList;
			buildConfigurations = (
				E57EC6AE28D8F72D009C9BD0 /* Debug */,
				E57EC6AF28D8F72D009C9BD0 /* Release */,
			);
			defaultConfigurationIsVisible = 0;
			defaultConfigurationName = Release;
		};
		E57EC6B028D8F72D009C9BD0 /* Build configuration list for PBXNativeTarget "FindCardGame" */ = {
			isa = XCConfigurationList;
			buildConfigurations = (
				E57EC6B128D8F72D009C9BD0 /* Debug */,
				E57EC6B228D8F72D009C9BD0 /* Release */,
			);
			defaultConfigurationIsVisible = 0;
			defaultConfigurationName = Release;
		};
/* End XCConfigurationList section */

/* Begin XCRemoteSwiftPackageReference section */
		E57EC6B328D9017E009C9BD0 /* XCRemoteSwiftPackageReference "SnapKit" */ = {
			isa = XCRemoteSwiftPackageReference;
			repositoryURL = "https://github.com/SnapKit/SnapKit.git";
			requirement = {
				kind = upToNextMajorVersion;
				minimumVersion = 5.0.0;
			};
		};
/* End XCRemoteSwiftPackageReference section */

/* Begin XCSwiftPackageProductDependency section */
		E57EC6B428D9017E009C9BD0 /* SnapKit */ = {
			isa = XCSwiftPackageProductDependency;
			package = E57EC6B328D9017E009C9BD0 /* XCRemoteSwiftPackageReference "SnapKit" */;
			productName = SnapKit;
		};
/* End XCSwiftPackageProductDependency section */

/* Begin XCVersionGroup section */
		E57EC6A528D8F72A009C9BD0 /* FindCardGame.xcdatamodeld */ = {
			isa = XCVersionGroup;
			children = (
				E57EC6A628D8F72A009C9BD0 /* FindCardGame.xcdatamodel */,
			);
			currentVersion = E57EC6A628D8F72A009C9BD0 /* FindCardGame.xcdatamodel */;
			path = FindCardGame.xcdatamodeld;
			sourceTree = "<group>";
			versionGroupType = wrapper.xcdatamodel;
		};
/* End XCVersionGroup section */
	};
	rootObject = E57EC69128D8F72A009C9BD0 /* Project object */;
}
